// !$*UTF8*$!
{
	archiveVersion = 1;
	classes = {
	};
	objectVersion = 50;
	objects = {

/* Begin PBXBuildFile section */
		7593FF56389C481D03032279 /* Pods_Teknasyon_EnesAksoy.framework in Frameworks */ = {isa = PBXBuildFile; fileRef = 5A63861A71FAF7A196B9C173 /* Pods_Teknasyon_EnesAksoy.framework */; };
		8F21CBD225D93BDF0061F17E /* AppDelegate.swift in Sources */ = {isa = PBXBuildFile; fileRef = 8F21CBD125D93BDF0061F17E /* AppDelegate.swift */; };
		8F21CBD425D93BDF0061F17E /* SceneDelegate.swift in Sources */ = {isa = PBXBuildFile; fileRef = 8F21CBD325D93BDF0061F17E /* SceneDelegate.swift */; };
		8F21CBDB25D93BE10061F17E /* Assets.xcassets in Resources */ = {isa = PBXBuildFile; fileRef = 8F21CBDA25D93BE10061F17E /* Assets.xcassets */; };
		8F21CBDE25D93BE10061F17E /* LaunchScreen.storyboard in Resources */ = {isa = PBXBuildFile; fileRef = 8F21CBDC25D93BE10061F17E /* LaunchScreen.storyboard */; };
		8F21CBF225D9407A0061F17E /* SplashScreen.storyboard in Resources */ = {isa = PBXBuildFile; fileRef = 8F21CBF125D9407A0061F17E /* SplashScreen.storyboard */; };
		8F21CBF425D9410B0061F17E /* SplashScreenViewController.swift in Sources */ = {isa = PBXBuildFile; fileRef = 8F21CBF325D9410B0061F17E /* SplashScreenViewController.swift */; };
		8F21CBF625D9415B0061F17E /* SplashScreenViewModelDelegate.swift in Sources */ = {isa = PBXBuildFile; fileRef = 8F21CBF525D9415B0061F17E /* SplashScreenViewModelDelegate.swift */; };
		8F21CBF825D941740061F17E /* SplashScreenViewModel.swift in Sources */ = {isa = PBXBuildFile; fileRef = 8F21CBF725D941740061F17E /* SplashScreenViewModel.swift */; };
		8F21CBFD25D941B70061F17E /* ResponseModel.swift in Sources */ = {isa = PBXBuildFile; fileRef = 8F21CBFC25D941B70061F17E /* ResponseModel.swift */; };
		8F21CBFF25D941CA0061F17E /* ResultModel.swift in Sources */ = {isa = PBXBuildFile; fileRef = 8F21CBFE25D941CA0061F17E /* ResultModel.swift */; };
		8F21CC0225D942560061F17E /* UIViewControllerExtensions.swift in Sources */ = {isa = PBXBuildFile; fileRef = 8F21CC0125D942560061F17E /* UIViewControllerExtensions.swift */; };
		8F21CC0425D942760061F17E /* ObjectStore.swift in Sources */ = {isa = PBXBuildFile; fileRef = 8F21CC0325D942760061F17E /* ObjectStore.swift */; };
		8F21CC3325D946250061F17E /* LoadingView.swift in Sources */ = {isa = PBXBuildFile; fileRef = 8F21CC3225D946250061F17E /* LoadingView.swift */; };
		8F21CC4525D948210061F17E /* Localizable.strings in Resources */ = {isa = PBXBuildFile; fileRef = 8F21CC4425D948210061F17E /* Localizable.strings */; };
		8F21CC4725D972DA0061F17E /* TeknasyonNavigationItem.swift in Sources */ = {isa = PBXBuildFile; fileRef = 8F21CC4625D972DA0061F17E /* TeknasyonNavigationItem.swift */; };
/* End PBXBuildFile section */

/* Begin PBXFileReference section */
		19FEC6A65FD21795B5FAC6FE /* Pods-Teknasyon-EnesAksoy.debug.xcconfig */ = {isa = PBXFileReference; includeInIndex = 1; lastKnownFileType = text.xcconfig; name = "Pods-Teknasyon-EnesAksoy.debug.xcconfig"; path = "Target Support Files/Pods-Teknasyon-EnesAksoy/Pods-Teknasyon-EnesAksoy.debug.xcconfig"; sourceTree = "<group>"; };
		438CBC109EC19A28F44654AC /* Pods-Teknasyon-EnesAksoy.release.xcconfig */ = {isa = PBXFileReference; includeInIndex = 1; lastKnownFileType = text.xcconfig; name = "Pods-Teknasyon-EnesAksoy.release.xcconfig"; path = "Target Support Files/Pods-Teknasyon-EnesAksoy/Pods-Teknasyon-EnesAksoy.release.xcconfig"; sourceTree = "<group>"; };
		5A63861A71FAF7A196B9C173 /* Pods_Teknasyon_EnesAksoy.framework */ = {isa = PBXFileReference; explicitFileType = wrapper.framework; includeInIndex = 0; path = Pods_Teknasyon_EnesAksoy.framework; sourceTree = BUILT_PRODUCTS_DIR; };
		8F21CBCE25D93BDF0061F17E /* Teknasyon-EnesAksoy.app */ = {isa = PBXFileReference; explicitFileType = wrapper.application; includeInIndex = 0; path = "Teknasyon-EnesAksoy.app"; sourceTree = BUILT_PRODUCTS_DIR; };
		8F21CBD125D93BDF0061F17E /* AppDelegate.swift */ = {isa = PBXFileReference; lastKnownFileType = sourcecode.swift; path = AppDelegate.swift; sourceTree = "<group>"; };
		8F21CBD325D93BDF0061F17E /* SceneDelegate.swift */ = {isa = PBXFileReference; lastKnownFileType = sourcecode.swift; path = SceneDelegate.swift; sourceTree = "<group>"; };
		8F21CBDA25D93BE10061F17E /* Assets.xcassets */ = {isa = PBXFileReference; lastKnownFileType = folder.assetcatalog; path = Assets.xcassets; sourceTree = "<group>"; };
		8F21CBDD25D93BE10061F17E /* Base */ = {isa = PBXFileReference; lastKnownFileType = file.storyboard; name = Base; path = Base.lproj/LaunchScreen.storyboard; sourceTree = "<group>"; };
		8F21CBDF25D93BE10061F17E /* Info.plist */ = {isa = PBXFileReference; lastKnownFileType = text.plist.xml; path = Info.plist; sourceTree = "<group>"; };
		8F21CBF125D9407A0061F17E /* SplashScreen.storyboard */ = {isa = PBXFileReference; lastKnownFileType = file.storyboard; path = SplashScreen.storyboard; sourceTree = "<group>"; };
		8F21CBF325D9410B0061F17E /* SplashScreenViewController.swift */ = {isa = PBXFileReference; lastKnownFileType = sourcecode.swift; path = SplashScreenViewController.swift; sourceTree = "<group>"; };
		8F21CBF525D9415B0061F17E /* SplashScreenViewModelDelegate.swift */ = {isa = PBXFileReference; lastKnownFileType = sourcecode.swift; path = SplashScreenViewModelDelegate.swift; sourceTree = "<group>"; };
		8F21CBF725D941740061F17E /* SplashScreenViewModel.swift */ = {isa = PBXFileReference; lastKnownFileType = sourcecode.swift; path = SplashScreenViewModel.swift; sourceTree = "<group>"; };
		8F21CBFC25D941B70061F17E /* ResponseModel.swift */ = {isa = PBXFileReference; lastKnownFileType = sourcecode.swift; path = ResponseModel.swift; sourceTree = "<group>"; };
		8F21CBFE25D941CA0061F17E /* ResultModel.swift */ = {isa = PBXFileReference; lastKnownFileType = sourcecode.swift; path = ResultModel.swift; sourceTree = "<group>"; };
		8F21CC0125D942560061F17E /* UIViewControllerExtensions.swift */ = {isa = PBXFileReference; lastKnownFileType = sourcecode.swift; path = UIViewControllerExtensions.swift; sourceTree = "<group>"; };
		8F21CC0325D942760061F17E /* ObjectStore.swift */ = {isa = PBXFileReference; lastKnownFileType = sourcecode.swift; path = ObjectStore.swift; sourceTree = "<group>"; };
		8F21CC3225D946250061F17E /* LoadingView.swift */ = {isa = PBXFileReference; lastKnownFileType = sourcecode.swift; path = LoadingView.swift; sourceTree = "<group>"; };
		8F21CC4425D948210061F17E /* Localizable.strings */ = {isa = PBXFileReference; lastKnownFileType = text.plist.strings; path = Localizable.strings; sourceTree = "<group>"; };
		8F21CC4625D972DA0061F17E /* TeknasyonNavigationItem.swift */ = {isa = PBXFileReference; lastKnownFileType = sourcecode.swift; path = TeknasyonNavigationItem.swift; sourceTree = "<group>"; };
/* End PBXFileReference section */

/* Begin PBXFrameworksBuildPhase section */
		8F21CBCB25D93BDF0061F17E /* Frameworks */ = {
			isa = PBXFrameworksBuildPhase;
			buildActionMask = 2147483647;
			files = (
				7593FF56389C481D03032279 /* Pods_Teknasyon_EnesAksoy.framework in Frameworks */,
			);
			runOnlyForDeploymentPostprocessing = 0;
		};
/* End PBXFrameworksBuildPhase section */

/* Begin PBXGroup section */
		73D3084FA454827D3171576E /* Frameworks */ = {
			isa = PBXGroup;
			children = (
				5A63861A71FAF7A196B9C173 /* Pods_Teknasyon_EnesAksoy.framework */,
			);
			name = Frameworks;
			sourceTree = "<group>";
		};
		8F21CBC525D93BDF0061F17E = {
			isa = PBXGroup;
			children = (
				8F21CBD025D93BDF0061F17E /* Teknasyon-EnesAksoy */,
				8F21CBCF25D93BDF0061F17E /* Products */,
				AC39B88253FBD7CA32063F67 /* Pods */,
				73D3084FA454827D3171576E /* Frameworks */,
			);
			sourceTree = "<group>";
		};
		8F21CBCF25D93BDF0061F17E /* Products */ = {
			isa = PBXGroup;
			children = (
				8F21CBCE25D93BDF0061F17E /* Teknasyon-EnesAksoy.app */,
			);
			name = Products;
			sourceTree = "<group>";
		};
		8F21CBD025D93BDF0061F17E /* Teknasyon-EnesAksoy */ = {
			isa = PBXGroup;
			children = (
				8F21CBE525D93F940061F17E /* Application */,
				8F21CBE625D93F9D0061F17E /* Common */,
				8F21CBE725D93FA30061F17E /* ObjectStore */,
				8F21CBE825D93FA80061F17E /* Presentation */,
				8F21CBE925D93FAE0061F17E /* Resources */,
				8F21CBEA25D93FB60061F17E /* Screens */,
				8F21CBEB25D93FBC0061F17E /* WebService */,
				8F21CBDA25D93BE10061F17E /* Assets.xcassets */,
				8F21CBDF25D93BE10061F17E /* Info.plist */,
				8F21CBDC25D93BE10061F17E /* LaunchScreen.storyboard */,
			);
			path = "Teknasyon-EnesAksoy";
			sourceTree = "<group>";
		};
		8F21CBE525D93F940061F17E /* Application */ = {
			isa = PBXGroup;
			children = (
				8F21CBEC25D93FCA0061F17E /* Delegate */,
			);
			path = Application;
			sourceTree = "<group>";
		};
		8F21CBE625D93F9D0061F17E /* Common */ = {
			isa = PBXGroup;
			children = (
				8F21CC0025D942480061F17E /* Extensions */,
				8F21CC3125D946120061F17E /* Loader */,
				8F21CBFB25D941A90061F17E /* Models */,
			);
			path = Common;
			sourceTree = "<group>";
		};
		8F21CBE725D93FA30061F17E /* ObjectStore */ = {
			isa = PBXGroup;
			children = (
				8F21CC0325D942760061F17E /* ObjectStore.swift */,
			);
			path = ObjectStore;
			sourceTree = "<group>";
		};
		8F21CBE825D93FA80061F17E /* Presentation */ = {
			isa = PBXGroup;
			children = (
				8F21CC3C25D947980061F17E /* Controls */,
			);
			path = Presentation;
			sourceTree = "<group>";
		};
		8F21CBE925D93FAE0061F17E /* Resources */ = {
			isa = PBXGroup;
			children = (
				8F21CC4325D948110061F17E /* Strings */,
			);
			path = Resources;
			sourceTree = "<group>";
		};
		8F21CBEC25D93FCA0061F17E /* Delegate */ = {
			isa = PBXGroup;
			children = (
				8F21CBD125D93BDF0061F17E /* AppDelegate.swift */,
				8F21CBD325D93BDF0061F17E /* SceneDelegate.swift */,
			);
			path = Delegate;
			sourceTree = "<group>";
		};
		8F21CBED25D9404E0061F17E /* SplashScreen */ = {
			isa = PBXGroup;
			children = (
				8F21CBEE25D940570061F17E /* Protocol */,
				8F21CBEF25D9405D0061F17E /* ViewController */,
				8F21CBF025D940660061F17E /* ViewModel */,
				8F21CBF125D9407A0061F17E /* SplashScreen.storyboard */,
			);
			path = SplashScreen;
			sourceTree = "<group>";
		};
		8F21CBEE25D940570061F17E /* Protocol */ = {
			isa = PBXGroup;
			children = (
				8F21CBF525D9415B0061F17E /* SplashScreenViewModelDelegate.swift */,
			);
			path = Protocol;
			sourceTree = "<group>";
		};
		8F21CBEF25D9405D0061F17E /* ViewController */ = {
			isa = PBXGroup;
			children = (
				8F21CBF325D9410B0061F17E /* SplashScreenViewController.swift */,
			);
			path = ViewController;
			sourceTree = "<group>";
		};
		8F21CBF025D940660061F17E /* ViewModel */ = {
			isa = PBXGroup;
			children = (
				8F21CBF725D941740061F17E /* SplashScreenViewModel.swift */,
			);
			path = ViewModel;
			sourceTree = "<group>";
		};
		8F21CBFB25D941A90061F17E /* Models */ = {
			isa = PBXGroup;
			children = (
				8F21CBFC25D941B70061F17E /* ResponseModel.swift */,
				8F21CBFE25D941CA0061F17E /* ResultModel.swift */,
			);
			path = Models;
			sourceTree = "<group>";
		};
		8F21CC0025D942480061F17E /* Extensions */ = {
			isa = PBXGroup;
			children = (
				8F21CC0125D942560061F17E /* UIViewControllerExtensions.swift */,
			);
			path = Extensions;
			sourceTree = "<group>";
		};
		8F21CC3125D946120061F17E /* Loader */ = {
			isa = PBXGroup;
			children = (
				8F21CC3225D946250061F17E /* LoadingView.swift */,
			);
			path = Loader;
			sourceTree = "<group>";
		};
		8F21CC3C25D947980061F17E /* Controls */ = {
			isa = PBXGroup;
			children = (
				8F21CC4625D972DA0061F17E /* TeknasyonNavigationItem.swift */,
			);
			path = Controls;
			sourceTree = "<group>";
		};
		8F21CC4325D948110061F17E /* Strings */ = {
			isa = PBXGroup;
			children = (
				8F21CC4425D948210061F17E /* Localizable.strings */,
			);
			path = Strings;
			sourceTree = "<group>";
		};
		AC39B88253FBD7CA32063F67 /* Pods */ = {
			isa = PBXGroup;
			children = (
				19FEC6A65FD21795B5FAC6FE /* Pods-Teknasyon-EnesAksoy.debug.xcconfig */,
				438CBC109EC19A28F44654AC /* Pods-Teknasyon-EnesAksoy.release.xcconfig */,
			);
			name = Pods;
			path = Pods;
			sourceTree = "<group>";
		};
/* End PBXGroup section */

/* Begin PBXNativeTarget section */
		8F21CBCD25D93BDF0061F17E /* Teknasyon-EnesAksoy */ = {
			isa = PBXNativeTarget;
			buildConfigurationList = 8F21CBE225D93BE10061F17E /* Build configuration list for PBXNativeTarget "Teknasyon-EnesAksoy" */;
			buildPhases = (
				E5B6611FD5EAD8774C90E8BB /* [CP] Check Pods Manifest.lock */,
				8F21CBCA25D93BDF0061F17E /* Sources */,
				8F21CBCB25D93BDF0061F17E /* Frameworks */,
				8F21CBCC25D93BDF0061F17E /* Resources */,
				F216360E56D0D01A78F0ADAD /* [CP] Embed Pods Frameworks */,
			);
			buildRules = (
			);
			dependencies = (
			);
			name = "Teknasyon-EnesAksoy";
			productName = "Teknasyon-EnesAksoy";
			productReference = 8F21CBCE25D93BDF0061F17E /* Teknasyon-EnesAksoy.app */;
			productType = "com.apple.product-type.application";
		};
/* End PBXNativeTarget section */

/* Begin PBXProject section */
		8F21CBC625D93BDF0061F17E /* Project object */ = {
			isa = PBXProject;
			attributes = {
				LastSwiftUpdateCheck = 1140;
				LastUpgradeCheck = 1140;
				ORGANIZATIONNAME = "ENES AKSOY";
				TargetAttributes = {
					8F21CBCD25D93BDF0061F17E = {
						CreatedOnToolsVersion = 11.4.1;
					};
				};
			};
			buildConfigurationList = 8F21CBC925D93BDF0061F17E /* Build configuration list for PBXProject "Teknasyon-EnesAksoy" */;
			compatibilityVersion = "Xcode 9.3";
			developmentRegion = en;
			hasScannedForEncodings = 0;
			knownRegions = (
				en,
				Base,
			);
			mainGroup = 8F21CBC525D93BDF0061F17E;
			productRefGroup = 8F21CBCF25D93BDF0061F17E /* Products */;
			projectDirPath = "";
			projectRoot = "";
			targets = (
				8F21CBCD25D93BDF0061F17E /* Teknasyon-EnesAksoy */,
			);
		};
/* End PBXProject section */

/* Begin PBXResourcesBuildPhase section */
		8F21CBCC25D93BDF0061F17E /* Resources */ = {
			isa = PBXResourcesBuildPhase;
			buildActionMask = 2147483647;
			files = (
				8F21CC4525D948210061F17E /* Localizable.strings in Resources */,
				8F21CBDE25D93BE10061F17E /* LaunchScreen.storyboard in Resources */,
				8F21CBF225D9407A0061F17E /* SplashScreen.storyboard in Resources */,
				8F21CBDB25D93BE10061F17E /* Assets.xcassets in Resources */,
			);
			runOnlyForDeploymentPostprocessing = 0;
		};
/* End PBXResourcesBuildPhase section */

/* Begin PBXShellScriptBuildPhase section */
		E5B6611FD5EAD8774C90E8BB /* [CP] Check Pods Manifest.lock */ = {
			isa = PBXShellScriptBuildPhase;
			buildActionMask = 2147483647;
			files = (
			);
			inputFileListPaths = (
			);
			inputPaths = (
				"${PODS_PODFILE_DIR_PATH}/Podfile.lock",
				"${PODS_ROOT}/Manifest.lock",
			);
			name = "[CP] Check Pods Manifest.lock";
			outputFileListPaths = (
			);
			outputPaths = (
				"$(DERIVED_FILE_DIR)/Pods-Teknasyon-EnesAksoy-checkManifestLockResult.txt",
			);
			runOnlyForDeploymentPostprocessing = 0;
			shellPath = /bin/sh;
			shellScript = "diff \"${PODS_PODFILE_DIR_PATH}/Podfile.lock\" \"${PODS_ROOT}/Manifest.lock\" > /dev/null\nif [ $? != 0 ] ; then\n    # print error to STDERR\n    echo \"error: The sandbox is not in sync with the Podfile.lock. Run 'pod install' or update your CocoaPods installation.\" >&2\n    exit 1\nfi\n# This output is used by Xcode 'outputs' to avoid re-running this script phase.\necho \"SUCCESS\" > \"${SCRIPT_OUTPUT_FILE_0}\"\n";
			showEnvVarsInLog = 0;
		};
		F216360E56D0D01A78F0ADAD /* [CP] Embed Pods Frameworks */ = {
			isa = PBXShellScriptBuildPhase;
			buildActionMask = 2147483647;
			files = (
			);
			inputFileListPaths = (
				"${PODS_ROOT}/Target Support Files/Pods-Teknasyon-EnesAksoy/Pods-Teknasyon-EnesAksoy-frameworks-${CONFIGURATION}-input-files.xcfilelist",
			);
			name = "[CP] Embed Pods Frameworks";
			outputFileListPaths = (
				"${PODS_ROOT}/Target Support Files/Pods-Teknasyon-EnesAksoy/Pods-Teknasyon-EnesAksoy-frameworks-${CONFIGURATION}-output-files.xcfilelist",
			);
			runOnlyForDeploymentPostprocessing = 0;
			shellPath = /bin/sh;
			shellScript = "\"${PODS_ROOT}/Target Support Files/Pods-Teknasyon-EnesAksoy/Pods-Teknasyon-EnesAksoy-frameworks.sh\"\n";
			showEnvVarsInLog = 0;
		};
/* End PBXShellScriptBuildPhase section */

/* Begin PBXSourcesBuildPhase section */
		8F21CBCA25D93BDF0061F17E /* Sources */ = {
			isa = PBXSourcesBuildPhase;
			buildActionMask = 2147483647;
			files = (
				8F21CC0225D942560061F17E /* UIViewControllerExtensions.swift in Sources */,
				8F21CBFF25D941CA0061F17E /* ResultModel.swift in Sources */,
				8F21CBD225D93BDF0061F17E /* AppDelegate.swift in Sources */,
				8F21CC3325D946250061F17E /* LoadingView.swift in Sources */,
				8F21CBD425D93BDF0061F17E /* SceneDelegate.swift in Sources */,
				8F21CC0425D942760061F17E /* ObjectStore.swift in Sources */,
				8F21CC4725D972DA0061F17E /* TeknasyonNavigationItem.swift in Sources */,
				8F21CBFD25D941B70061F17E /* ResponseModel.swift in Sources */,
				8F21CBF825D941740061F17E /* SplashScreenViewModel.swift in Sources */,
			);
			runOnlyForDeploymentPostprocessing = 0;
		};
/* End PBXSourcesBuildPhase section */

/* Begin PBXVariantGroup section */
		8F21CBDC25D93BE10061F17E /* LaunchScreen.storyboard */ = {
			isa = PBXVariantGroup;
			children = (
				8F21CBDD25D93BE10061F17E /* Base */,
			);
			name = LaunchScreen.storyboard;
			sourceTree = "<group>";
		};
/* End PBXVariantGroup section */

/* Begin XCBuildConfiguration section */
		8F21CBE025D93BE10061F17E /* Debug */ = {
			isa = XCBuildConfiguration;
			buildSettings = {
				ALWAYS_SEARCH_USER_PATHS = NO;
				CLANG_ANALYZER_NONNULL = YES;
				CLANG_ANALYZER_NUMBER_OBJECT_CONVERSION = YES_AGGRESSIVE;
				CLANG_CXX_LANGUAGE_STANDARD = "gnu++14";
				CLANG_CXX_LIBRARY = "libc++";
				CLANG_ENABLE_MODULES = YES;
				CLANG_ENABLE_OBJC_ARC = YES;
				CLANG_ENABLE_OBJC_WEAK = YES;
				CLANG_WARN_BLOCK_CAPTURE_AUTORELEASING = YES;
				CLANG_WARN_BOOL_CONVERSION = YES;
				CLANG_WARN_COMMA = YES;
				CLANG_WARN_CONSTANT_CONVERSION = YES;
				CLANG_WARN_DEPRECATED_OBJC_IMPLEMENTATIONS = YES;
				CLANG_WARN_DIRECT_OBJC_ISA_USAGE = YES_ERROR;
				CLANG_WARN_DOCUMENTATION_COMMENTS = YES;
				CLANG_WARN_EMPTY_BODY = YES;
				CLANG_WARN_ENUM_CONVERSION = YES;
				CLANG_WARN_INFINITE_RECURSION = YES;
				CLANG_WARN_INT_CONVERSION = YES;
				CLANG_WARN_NON_LITERAL_NULL_CONVERSION = YES;
				CLANG_WARN_OBJC_IMPLICIT_RETAIN_SELF = YES;
				CLANG_WARN_OBJC_LITERAL_CONVERSION = YES;
				CLANG_WARN_OBJC_ROOT_CLASS = YES_ERROR;
				CLANG_WARN_RANGE_LOOP_ANALYSIS = YES;
				CLANG_WARN_STRICT_PROTOTYPES = YES;
				CLANG_WARN_SUSPICIOUS_MOVE = YES;
				CLANG_WARN_UNGUARDED_AVAILABILITY = YES_AGGRESSIVE;
				CLANG_WARN_UNREACHABLE_CODE = YES;
				CLANG_WARN__DUPLICATE_METHOD_MATCH = YES;
				COPY_PHASE_STRIP = NO;
				DEBUG_INFORMATION_FORMAT = dwarf;
				ENABLE_STRICT_OBJC_MSGSEND = YES;
				ENABLE_TESTABILITY = YES;
				GCC_C_LANGUAGE_STANDARD = gnu11;
				GCC_DYNAMIC_NO_PIC = NO;
				GCC_NO_COMMON_BLOCKS = YES;
				GCC_OPTIMIZATION_LEVEL = 0;
				GCC_PREPROCESSOR_DEFINITIONS = (
					"DEBUG=1",
					"$(inherited)",
				);
				GCC_WARN_64_TO_32_BIT_CONVERSION = YES;
				GCC_WARN_ABOUT_RETURN_TYPE = YES_ERROR;
				GCC_WARN_UNDECLARED_SELECTOR = YES;
				GCC_WARN_UNINITIALIZED_AUTOS = YES_AGGRESSIVE;
				GCC_WARN_UNUSED_FUNCTION = YES;
				GCC_WARN_UNUSED_VARIABLE = YES;
				IPHONEOS_DEPLOYMENT_TARGET = 13.0;
				MTL_ENABLE_DEBUG_INFO = INCLUDE_SOURCE;
				MTL_FAST_MATH = YES;
				ONLY_ACTIVE_ARCH = YES;
				SDKROOT = iphoneos;
				SWIFT_ACTIVE_COMPILATION_CONDITIONS = DEBUG;
				SWIFT_OPTIMIZATION_LEVEL = "-Onone";
			};
			name = Debug;
		};
		8F21CBE125D93BE10061F17E /* Release */ = {
			isa = XCBuildConfiguration;
			buildSettings = {
				ALWAYS_SEARCH_USER_PATHS = NO;
				CLANG_ANALYZER_NONNULL = YES;
				CLANG_ANALYZER_NUMBER_OBJECT_CONVERSION = YES_AGGRESSIVE;
				CLANG_CXX_LANGUAGE_STANDARD = "gnu++14";
				CLANG_CXX_LIBRARY = "libc++";
				CLANG_ENABLE_MODULES = YES;
				CLANG_ENABLE_OBJC_ARC = YES;
				CLANG_ENABLE_OBJC_WEAK = YES;
				CLANG_WARN_BLOCK_CAPTURE_AUTORELEASING = YES;
				CLANG_WARN_BOOL_CONVERSION = YES;
				CLANG_WARN_COMMA = YES;
				CLANG_WARN_CONSTANT_CONVERSION = YES;
				CLANG_WARN_DEPRECATED_OBJC_IMPLEMENTATIONS = YES;
				CLANG_WARN_DIRECT_OBJC_ISA_USAGE = YES_ERROR;
				CLANG_WARN_DOCUMENTATION_COMMENTS = YES;
				CLANG_WARN_EMPTY_BODY = YES;
				CLANG_WARN_ENUM_CONVERSION = YES;
				CLANG_WARN_INFINITE_RECURSION = YES;
				CLANG_WARN_INT_CONVERSION = YES;
				CLANG_WARN_NON_LITERAL_NULL_CONVERSION = YES;
				CLANG_WARN_OBJC_IMPLICIT_RETAIN_SELF = YES;
				CLANG_WARN_OBJC_LITERAL_CONVERSION = YES;
				CLANG_WARN_OBJC_ROOT_CLASS = YES_ERROR;
				CLANG_WARN_RANGE_LOOP_ANALYSIS = YES;
				CLANG_WARN_STRICT_PROTOTYPES = YES;
				CLANG_WARN_SUSPICIOUS_MOVE = YES;
				CLANG_WARN_UNGUARDED_AVAILABILITY = YES_AGGRESSIVE;
				CLANG_WARN_UNREACHABLE_CODE = YES;
				CLANG_WARN__DUPLICATE_METHOD_MATCH = YES;
				COPY_PHASE_STRIP = NO;
				DEBUG_INFORMATION_FORMAT = "dwarf-with-dsym";
				ENABLE_NS_ASSERTIONS = NO;
				ENABLE_STRICT_OBJC_MSGSEND = YES;
				GCC_C_LANGUAGE_STANDARD = gnu11;
				GCC_NO_COMMON_BLOCKS = YES;
				GCC_WARN_64_TO_32_BIT_CONVERSION = YES;
				GCC_WARN_ABOUT_RETURN_TYPE = YES_ERROR;
				GCC_WARN_UNDECLARED_SELECTOR = YES;
				GCC_WARN_UNINITIALIZED_AUTOS = YES_AGGRESSIVE;
				GCC_WARN_UNUSED_FUNCTION = YES;
				GCC_WARN_UNUSED_VARIABLE = YES;
				IPHONEOS_DEPLOYMENT_TARGET = 13.0;
				MTL_ENABLE_DEBUG_INFO = NO;
				MTL_FAST_MATH = YES;
				SDKROOT = iphoneos;
				SWIFT_COMPILATION_MODE = wholemodule;
				SWIFT_OPTIMIZATION_LEVEL = "-O";
				VALIDATE_PRODUCT = YES;
			};
			name = Release;
		};
		8F21CBE325D93BE10061F17E /* Debug */ = {
			isa = XCBuildConfiguration;
			baseConfigurationReference = 19FEC6A65FD21795B5FAC6FE /* Pods-Teknasyon-EnesAksoy.debug.xcconfig */;
			buildSettings = {
				ASSETCATALOG_COMPILER_APPICON_NAME = AppIcon;
				CODE_SIGN_STYLE = Manual;
				DEVELOPMENT_TEAM = "";
				INFOPLIST_FILE = "Teknasyon-EnesAksoy/Info.plist";
				LD_RUNPATH_SEARCH_PATHS = (
					"$(inherited)",
					"@executable_path/Frameworks",
				);
				PRODUCT_BUNDLE_IDENTIFIER = "com.Teknasyon-EnesAksoy";
				PRODUCT_NAME = "$(TARGET_NAME)";
				PROVISIONING_PROFILE_SPECIFIER = "";
				SWIFT_VERSION = 5.0;
				TARGETED_DEVICE_FAMILY = "1,2";
			};
			name = Debug;
		};
		8F21CBE425D93BE10061F17E /* Release */ = {
			isa = XCBuildConfiguration;
			baseConfigurationReference = 438CBC109EC19A28F44654AC /* Pods-Teknasyon-EnesAksoy.release.xcconfig */;
			buildSettings = {
				ASSETCATALOG_COMPILER_APPICON_NAME = AppIcon;
				CODE_SIGN_STYLE = Manual;
				DEVELOPMENT_TEAM = "";
				INFOPLIST_FILE = "Teknasyon-EnesAksoy/Info.plist";
				LD_RUNPATH_SEARCH_PATHS = (
					"$(inherited)",
					"@executable_path/Frameworks",
				);
				PRODUCT_BUNDLE_IDENTIFIER = "com.Teknasyon-EnesAksoy";
				PRODUCT_NAME = "$(TARGET_NAME)";
				PROVISIONING_PROFILE_SPECIFIER = "";
				SWIFT_VERSION = 5.0;
				TARGETED_DEVICE_FAMILY = "1,2";
			};
			name = Release;
		};
/* End XCBuildConfiguration section */

/* Begin XCConfigurationList section */
		8F21CBC925D93BDF0061F17E /* Build configuration list for PBXProject "Teknasyon-EnesAksoy" */ = {
			isa = XCConfigurationList;
			buildConfigurations = (
				8F21CBE025D93BE10061F17E /* Debug */,
				8F21CBE125D93BE10061F17E /* Release */,
			);
			defaultConfigurationIsVisible = 0;
			defaultConfigurationName = Release;
		};
		8F21CBE225D93BE10061F17E /* Build configuration list for PBXNativeTarget "Teknasyon-EnesAksoy" */ = {
			isa = XCConfigurationList;
			buildConfigurations = (
				8F21CBE325D93BE10061F17E /* Debug */,
				8F21CBE425D93BE10061F17E /* Release */,
			);
			defaultConfigurationIsVisible = 0;
			defaultConfigurationName = Release;
		};
/* End XCConfigurationList section */
	};
	rootObject = 8F21CBC625D93BDF0061F17E /* Project object */;
}
